
Microsoft Visual Studio Solution File, Format Version 12.00
# Visual Studio Version 16
VisualStudioVersion = 16.0.31515.178
MinimumVisualStudioVersion = 10.0.40219.1
Project("{FAE04EC0-301F-11D3-BF4B-00C04F79EFBC}") = "MiguelPrueba", "MiguelPrueba\MiguelPrueba.csproj", "{C311FB23-BF4B-4B05-8E60-7140D3554054}"
EndProject
Global
	GlobalSection(SolutionConfigurationPlatforms) = preSolution
		Debug|Any CPU = Debug|Any CPU
		Release|Any CPU = Release|Any CPU
	EndGlobalSection
	GlobalSection(ProjectConfigurationPlatforms) = postSolution
		{C311FB23-BF4B-4B05-8E60-7140D3554054}.Debug|Any CPU.ActiveCfg = Debug|Any CPU
		{C311FB23-BF4B-4B05-8E60-7140D3554054}.Debug|Any CPU.Build.0 = Debug|Any CPU
		{C311FB23-BF4B-4B05-8E60-7140D3554054}.Release|Any CPU.ActiveCfg = Release|Any CPU
		{C311FB23-BF4B-4B05-8E60-7140D3554054}.Release|Any CPU.Build.0 = Release|Any CPU
	EndGlobalSection
	GlobalSection(SolutionProperties) = preSolution
		HideSolutionNode = FALSE
	EndGlobalSection
	GlobalSection(ExtensibilityGlobals) = postSolution
		SolutionGuid = {8D830995-5F79-4DCA-98B1-79AF4DE40B05}
	EndGlobalSection
EndGlobal
